
Microsoft Visual Studio Solution File, Format Version 12.00
# Visual Studio Version 17
VisualStudioVersion = 17.11.35208.52
MinimumVisualStudioVersion = 10.0.40219.1
Project("{9A19103F-16F7-4668-BE54-9A1E7A4F7556}") = "JWT", "JWT\JWT.csproj", "{46CF3E81-275E-4510-AA2D-B089A9F31829}"
EndProject
Project("{FAE04EC0-301F-11D3-BF4B-00C04F79EFBC}") = "JWT.UI", "JWT.UI\JWT.UI.csproj", "{8B698FEA-2C99-47A2-B24C-E117779A28EA}"
EndProject
Global
	GlobalSection(SolutionConfigurationPlatforms) = preSolution
		Debug|Any CPU = Debug|Any CPU
		Release|Any CPU = Release|Any CPU
	EndGlobalSection
	GlobalSection(ProjectConfigurationPlatforms) = postSolution
		{46CF3E81-275E-4510-AA2D-B089A9F31829}.Debug|Any CPU.ActiveCfg = Debug|Any CPU
		{46CF3E81-275E-4510-AA2D-B089A9F31829}.Debug|Any CPU.Build.0 = Debug|Any CPU
		{46CF3E81-275E-4510-AA2D-B089A9F31829}.Release|Any CPU.ActiveCfg = Release|Any CPU
		{46CF3E81-275E-4510-AA2D-B089A9F31829}.Release|Any CPU.Build.0 = Release|Any CPU
		{8B698FEA-2C99-47A2-B24C-E117779A28EA}.Debug|Any CPU.ActiveCfg = Debug|Any CPU
		{8B698FEA-2C99-47A2-B24C-E117779A28EA}.Debug|Any CPU.Build.0 = Debug|Any CPU
		{8B698FEA-2C99-47A2-B24C-E117779A28EA}.Release|Any CPU.ActiveCfg = Release|Any CPU
		{8B698FEA-2C99-47A2-B24C-E117779A28EA}.Release|Any CPU.Build.0 = Release|Any CPU
	EndGlobalSection
	GlobalSection(SolutionProperties) = preSolution
		HideSolutionNode = FALSE
	EndGlobalSection
	GlobalSection(ExtensibilityGlobals) = postSolution
		SolutionGuid = {2F1654C7-2794-466B-8816-017EE12991AF}
	EndGlobalSection
EndGlobal
